
Microsoft Visual Studio Solution File, Format Version 12.00
# Visual Studio Version 17
VisualStudioVersion = 17.8.34511.84
MinimumVisualStudioVersion = 10.0.40219.1
CourseProject("{FAE04EC0-301F-11D3-BF4B-00C04F79EFBC}") = "CourseProject", "CourseProject\CourseProject.csproj", "{FD19E3D1-0871-48BC-AE8A-3C4F7FE5DA95}"
EndCourseProject
Global
	GlobalSection(SolutionConfigurationPlatforms) = preSolution
		Debug|Any CPU = Debug|Any CPU
		Release|Any CPU = Release|Any CPU
	EndGlobalSection
	GlobalSection(CourseProjectConfigurationPlatforms) = postSolution
		{FD19E3D1-0871-48BC-AE8A-3C4F7FE5DA95}.Debug|Any CPU.ActiveCfg = Debug|Any CPU
		{FD19E3D1-0871-48BC-AE8A-3C4F7FE5DA95}.Debug|Any CPU.Build.0 = Debug|Any CPU
		{FD19E3D1-0871-48BC-AE8A-3C4F7FE5DA95}.Release|Any CPU.ActiveCfg = Release|Any CPU
		{FD19E3D1-0871-48BC-AE8A-3C4F7FE5DA95}.Release|Any CPU.Build.0 = Release|Any CPU
	EndGlobalSection
	GlobalSection(SolutionProperties) = preSolution
		HideSolutionNode = FALSE
	EndGlobalSection
	GlobalSection(ExtensibilityGlobals) = postSolution
		SolutionGuid = {15962E34-2AE5-4713-B032-AF9DF3597E5C}
	EndGlobalSection
EndGlobal
